
Microsoft Visual Studio Solution File, Format Version 12.00
# Visual Studio 15
VisualStudioVersion = 15.0.28010.2036
MinimumVisualStudioVersion = 10.0.40219.1
Project("{FAE04EC0-301F-11D3-BF4B-00C04F79EFBC}") = "No WPF", "No WPF\No WPF.csproj", "{88FFBA45-73DD-4C61-9F27-BFC898E12A5C}"
EndProject
Global
	GlobalSection(SolutionConfigurationPlatforms) = preSolution
		Debug|x86 = Debug|x86
		Release|x86 = Release|x86
	EndGlobalSection
	GlobalSection(ProjectConfigurationPlatforms) = postSolution
		{88FFBA45-73DD-4C61-9F27-BFC898E12A5C}.Debug|x86.ActiveCfg = Debug|x86
		{88FFBA45-73DD-4C61-9F27-BFC898E12A5C}.Debug|x86.Build.0 = Debug|x86
		{88FFBA45-73DD-4C61-9F27-BFC898E12A5C}.Release|x86.ActiveCfg = Release|x86
		{88FFBA45-73DD-4C61-9F27-BFC898E12A5C}.Release|x86.Build.0 = Release|x86
	EndGlobalSection
	GlobalSection(SolutionProperties) = preSolution
		HideSolutionNode = FALSE
	EndGlobalSection
	GlobalSection(ExtensibilityGlobals) = postSolution
		SolutionGuid = {97F72418-FC1B-49B1-9BBC-588734095868}
	EndGlobalSection
EndGlobal
